<Project xmlns="http://schemas.microsoft.com/developer/msbuild/2003">
    <PropertyGroup>
        <ProjectGuid>{A1B2C3D4-E5F6-7890-ABCD-EF1234567890}</ProjectGuid>
        <MainSource>MethylConfigEditor.dpr</MainSource>
        <ProjectVersion>19.5</ProjectVersion>
        <FrameworkType>VCL</FrameworkType>
        <Base>True</Base>
        <Config Condition="'$(Config)'==''">Debug</Config>
        <Platform Condition="'$(Platform)'==''">Win64</Platform>
        <TargetedPlatforms>3</TargetedPlatforms>
        <AppType>Application</AppType>
        <ProjectName Condition="'$(ProjectName)'==''">MethylConfigEditor</ProjectName>
    </PropertyGroup>
    <PropertyGroup Condition="'$(Config)'=='Base' or '$(Base)'!=''">
        <Base>true</Base>
    </PropertyGroup>
    <PropertyGroup Condition="'$(Config)'=='Release' or '$(Cfg_1)'!=''">
        <Cfg_1>true</Cfg_1>
        <CfgParent>Base</CfgParent>
        <Base>true</Base>
    </PropertyGroup>
    <PropertyGroup Condition="'$(Config)'=='Debug' or '$(Cfg_2)'!=''">
        <Cfg_2>true</Cfg_2>
        <CfgParent>Base</CfgParent>
        <Base>true</Base>
    </PropertyGroup>
    <PropertyGroup Condition="('$(Platform)'=='Win32' and '$(Cfg_2)'=='true') or '$(Cfg_2_Win32)'!=''">
        <Cfg_2_Win32>true</Cfg_2_Win32>
        <CfgParent>Cfg_2</CfgParent>
        <Cfg_2>true</Cfg_2>
        <Base>true</Base>
    </PropertyGroup>
    <PropertyGroup Condition="('$(Platform)'=='Win64' and '$(Cfg_2)'=='true') or '$(Cfg_2_Win64)'!=''">
        <Cfg_2_Win64>true</Cfg_2_Win64>
        <CfgParent>Cfg_2</CfgParent>
        <Cfg_2>true</Cfg_2>
        <Base>true</Base>
    </PropertyGroup>
    <PropertyGroup Condition="'$(Base)'!=''">
        <Custom_Styles>&quot;Aqua Light Slate|VCLSTYLE|$(BDSCOMMONDIR)\Styles\AquaLightSlate.vsf&quot;</Custom_Styles>
    </PropertyGroup>
    <PropertyGroup Condition="'$(Cfg_2_Win32)'!=''">
        <BT_BuildType>Debug</BT_BuildType>
        <VerInfo_Locale>1033</VerInfo_Locale>
        <Manifest_File>(None)</Manifest_File>
        <AppDPIAwarenessMode>none</AppDPIAwarenessMode>
    </PropertyGroup>
    <PropertyGroup Condition="'$(Cfg_2_Win64)'!=''">
        <BT_BuildType>Debug</BT_BuildType>
    </PropertyGroup>
    <ItemGroup>
        <DelphiCompile Include="$(MainSource)">
            <MainSource>MainSource</MainSource>
        </DelphiCompile>
        <DCCReference Include="src\App\MainForm.pas">
            <Form>MainForm</Form>
        </DCCReference>
        <DCCReference Include="src\App\AppSettings.pas"/>
        <DCCReference Include="src\App\SchemaCatalog.pas"/>
        <DCCReference Include="src\Schema\JsonSchemaLoader.pas"/>
        <DCCReference Include="src\Schema\SchemaNode.pas"/>
        <DCCReference Include="src\Schema\SchemaDocument.pas"/>
        <DCCReference Include="src\Schema\SchemaDefaults.pas"/>
        <DCCReference Include="src\Schema\SchemaBranchResolver.pas"/>
        <DCCReference Include="src\Schema\SchemaValidator.pas"/>
        <DCCReference Include="src\Data\JsonPath.pas"/>
        <DCCReference Include="src\Data\JsonDocumentModel.pas"/>
        <DCCReference Include="src\UI\SchemaValueSummary.pas"/>
        <DCCReference Include="src\UI\Editors\EditorTypes.pas"/>
        <DCCReference Include="src\UI\Editors\PropertyEditorContext.pas"/>
        <DCCReference Include="src\UI\Editors\SchemaEditorKeys.pas"/>
        <DCCReference Include="src\UI\Editors\SchemaEditorRegistry.pas"/>
        <DCCReference Include="src\UI\Editors\SchemaEditorRegistration.pas"/>
        <DCCReference Include="src\UI\Editors\AbstractSchemaEditor.pas"/>
        <DCCReference Include="src\UI\Editors\NullableRowSupport.pas"/>
        <DCCReference Include="src\UI\Editors\ComplexRowSupport.pas"/>
        <DCCReference Include="src\UI\Editors\StringSchemaEditor.pas"/>
        <DCCReference Include="src\UI\Editors\EnumSchemaEditor.pas"/>
        <DCCReference Include="src\UI\Editors\BooleanSchemaEditor.pas"/>
        <DCCReference Include="src\UI\Editors\NumberSchemaEditor.pas"/>
        <DCCReference Include="src\UI\Editors\IntegerSchemaEditor.pas"/>
        <DCCReference Include="src\UI\Editors\ObjectSchemaEditor.pas"/>
        <DCCReference Include="src\UI\Editors\OneOfObjectSchemaEditor.pas"/>
        <DCCReference Include="src\UI\Editors\ArraySchemaEditor.pas"/>
        <DCCReference Include="src\UI\Editors\DictionarySchemaEditor.pas"/>
        <DCCReference Include="src\UI\Editors\DiscriminatorSchemaEditor.pas"/>
        <DCCReference Include="src\UI\PropertyEditorForm.pas">
            <Form>PropertyEditorForm</Form>
        </DCCReference>
        <DCCReference Include="src\UI\ArrayEditorForm.pas">
            <Form>ArrayEditorForm</Form>
        </DCCReference>
        <DCCReference Include="src\UI\DictEditorForm.pas">
            <Form>DictEditorForm</Form>
        </DCCReference>
        <BuildConfiguration Include="Base">
            <Key>Base</Key>
        </BuildConfiguration>
        <BuildConfiguration Include="Release">
            <Key>Cfg_1</Key>
            <CfgParent>Base</CfgParent>
        </BuildConfiguration>
        <BuildConfiguration Include="Debug">
            <Key>Cfg_2</Key>
            <CfgParent>Base</CfgParent>
        </BuildConfiguration>
    </ItemGroup>
    <ProjectExtensions>
        <Borland.Personality>Delphi.Personality.12</Borland.Personality>
        <Borland.ProjectType/>
        <BorlandProject>
            <Delphi.Personality>
                <Source>
                    <Source Name="MainSource">MethylConfigEditor.dpr</Source>
                </Source>
                <Excluded_Packages/>
            </Delphi.Personality>
            <Platforms>
                <Platform value="Win32">True</Platform>
                <Platform value="Win64">True</Platform>
            </Platforms>
        </BorlandProject>
        <ProjectFileVersion>12</ProjectFileVersion>
    </ProjectExtensions>
    <Import Project="$(BDS)\Bin\CodeGear.Delphi.Targets" Condition="Exists('$(BDS)\Bin\CodeGear.Delphi.Targets')"/>
    <Import Project="$(APPDATA)\Embarcadero\$(BDSAPPDATABASEDIR)\$(PRODUCTVERSION)\UserTools.proj" Condition="Exists('$(APPDATA)\Embarcadero\$(BDSAPPDATABASEDIR)\$(PRODUCTVERSION)\UserTools.proj')"/>
</Project>
